
Microsoft Visual Studio Solution File, Format Version 12.00
# Visual Studio Version 16
VisualStudioVersion = 16.0.29905.134
MinimumVisualStudioVersion = 10.0.40219.1
Project("{888888A0-9F3D-457C-B088-3A5042F75D52}") = "mobile.de-Bot", "mobile.de-Bot.pyproj", "{5D2AC2C4-10D8-4885-92FB-A505867F1F2F}"
EndProject
Global
	GlobalSection(SolutionConfigurationPlatforms) = preSolution
		Debug|Any CPU = Debug|Any CPU
		Release|Any CPU = Release|Any CPU
	EndGlobalSection
	GlobalSection(ProjectConfigurationPlatforms) = postSolution
		{5D2AC2C4-10D8-4885-92FB-A505867F1F2F}.Debug|Any CPU.ActiveCfg = Debug|Any CPU
		{5D2AC2C4-10D8-4885-92FB-A505867F1F2F}.Release|Any CPU.ActiveCfg = Release|Any CPU
	EndGlobalSection
	GlobalSection(SolutionProperties) = preSolution
		HideSolutionNode = FALSE
	EndGlobalSection
	GlobalSection(ExtensibilityGlobals) = postSolution
		SolutionGuid = {ABA30C81-D9B2-4D2F-8357-A277D277C7A3}
	EndGlobalSection
EndGlobal
